
Microsoft Visual Studio Solution File, Format Version 12.00
# Visual Studio Version 17
VisualStudioVersion = 17.5.33530.505
MinimumVisualStudioVersion = 10.0.40219.1
Project("{8BC9CEB8-8B4A-11D0-8D11-00A0C91BC942}") = "Task 3 - BankAccount", "Task 3 - BankAccount\Task 3 - BankAccount.vcxproj", "{CBFFBB36-0690-4A91-AA73-9F38D8E7332A}"
EndProject
Global
	GlobalSection(SolutionConfigurationPlatforms) = preSolution
		Debug|x64 = Debug|x64
		Debug|x86 = Debug|x86
		Release|x64 = Release|x64
		Release|x86 = Release|x86
	EndGlobalSection
	GlobalSection(ProjectConfigurationPlatforms) = postSolution
		{CBFFBB36-0690-4A91-AA73-9F38D8E7332A}.Debug|x64.ActiveCfg = Debug|x64
		{CBFFBB36-0690-4A91-AA73-9F38D8E7332A}.Debug|x64.Build.0 = Debug|x64
		{CBFFBB36-0690-4A91-AA73-9F38D8E7332A}.Debug|x86.ActiveCfg = Debug|Win32
		{CBFFBB36-0690-4A91-AA73-9F38D8E7332A}.Debug|x86.Build.0 = Debug|Win32
		{CBFFBB36-0690-4A91-AA73-9F38D8E7332A}.Release|x64.ActiveCfg = Release|x64
		{CBFFBB36-0690-4A91-AA73-9F38D8E7332A}.Release|x64.Build.0 = Release|x64
		{CBFFBB36-0690-4A91-AA73-9F38D8E7332A}.Release|x86.ActiveCfg = Release|Win32
		{CBFFBB36-0690-4A91-AA73-9F38D8E7332A}.Release|x86.Build.0 = Release|Win32
	EndGlobalSection
	GlobalSection(SolutionProperties) = preSolution
		HideSolutionNode = FALSE
	EndGlobalSection
	GlobalSection(ExtensibilityGlobals) = postSolution
		SolutionGuid = {821223C8-9130-46C0-A9E1-FDBF5182FAA1}
	EndGlobalSection
EndGlobal
